schema: '2.0'
stages:
  raw_to_intermediate:
    cmd: uv run python3 src/data_pipelines/raw_to_intermediate.py
    deps:
    - path: data/raw/DEXCHUS.csv
      hash: md5
      md5: 171abf84f31a980f719e7202a1e92974
      size: 59629
    - path: data/raw/DEXINUS.csv
      hash: md5
      md5: 34f9eb35d2c50b6a115d9760607fdf39
      size: 62847
    - path: data/raw/automobile_industry/ECB Data Portal_20251123141544.csv
      hash: md5
      md5: 3dc1b4bc7dfb09f23f1ddc2682c3e7c6
      size: 15132
    - path:
        data/raw/electricity_price/european_wholesale_electricity_price_data_monthly.csv
      hash: md5
      md5: f9e3bff349afb55af238886c1578f69b
      size: 111852
    - path: data/raw/pc_price/pc_price_asia.csv
      hash: md5
      md5: d59f85920f17a69f5a9cdf94e5ba17db
      size: 46702
    - path: data/raw/pc_price/pc_price_eu.csv
      hash: md5
      md5: edc3a7f9d1c6c0a2c057a03332cad020
      size: 73034
    - path:
        data/raw/phenol_acetone_capacity_loss/acetone_consumption_capacity_loss_kt.pq
      hash: md5
      md5: eb7bbe8c100b8a4fe374b566f2169257
      size: 61711
    - path:
        data/raw/phenol_acetone_capacity_loss/phenol_consumption_capacity_loss_kt.pq
      hash: md5
      md5: dc99ea4e96ae68c3fbb439d5d5fe697a
      size: 59375
    - path: data/raw/shutdown/Acetone.csv
      hash: md5
      md5: d8c6b01e69235c1283427760013488b8
      size: 122396
    - path: data/raw/shutdown/Phenol.csv
      hash: md5
      md5: 339dfeb972d716ee323d7305badc3ad1
      size: 121819
    - path: src/data_pipelines/raw_to_intermediate.py
      hash: md5
      md5: 10ea4b6fb05d91a4f0341af594722fa3
      size: 28862
    outs:
    - path:
        data/intermediate/automobile_industry/intermediate_automobile_industry.csv
      hash: md5
      md5: 4be9e7f02b074f60f8d65a6eb946f8bd
      size: 8645
    - path:
        data/intermediate/electricity_price/intermediate_european_wholesale_electricity_price.csv
      hash: md5
      md5: f63adaaa87b8041fab70969b730908ab
      size: 8516
    - path: data/intermediate/pc_price/intermediate_pc_price_asia.csv
      hash: md5
      md5: c7a93b792d7d74fb357f61cf68c25d0c
      size: 19506
    - path: data/intermediate/pc_price/intermediate_pc_price_eu.csv
      hash: md5
      md5: b23bc5490c986dfb436aa3d2c7b45c1f
      size: 21635
    - path:
        data/intermediate/phenol_acetone_capacity_loss/intermediate_bpa_capacity_loss.csv
      hash: md5
      md5: b5e3d80dc4785cf0872788e670ed71f5
      size: 1766
    - path: data/intermediate/shutdown/intermediate_shutdown_capacity_loss.csv
      hash: md5
      md5: 0fc38f202d6f9f4abd18d716355cbf78
      size: 5220
  intermediate_to_processed_uni:
    cmd: uv run python3 src/data_pipelines/uni_intermediate_to_processed.py
    deps:
    - path:
        data/intermediate/automobile_industry/intermediate_automobile_industry.csv
      hash: md5
      md5: 4be9e7f02b074f60f8d65a6eb946f8bd
      size: 8645
    - path:
        data/intermediate/electricity_price/intermediate_european_wholesale_electricity_price.csv
      hash: md5
      md5: f63adaaa87b8041fab70969b730908ab
      size: 8516
    - path: data/intermediate/pc_price/intermediate_pc_price_asia.csv
      hash: md5
      md5: 49f6461ddce15011768bdf9862181bf1
      size: 26305
    - path: data/intermediate/pc_price/intermediate_pc_price_eu.csv
      hash: md5
      md5: 786d8e093ddc2125373c2d13e600dea4
      size: 27852
    - path:
        data/intermediate/phenol_acetone_capacity_loss/intermediate_bpa_capacity_loss.csv
      hash: md5
      md5: b5e3d80dc4785cf0872788e670ed71f5
      size: 1766
    - path: data/intermediate/shutdown/intermediate_shutdown_capacity_loss.csv
      hash: md5
      md5: 0fc38f202d6f9f4abd18d716355cbf78
      size: 5220
    - path: src/data_pipelines/uni_intermediate_to_processed.py
      hash: md5
      md5: 91a74bbcf6d34560656b6a7316329cd9
      size: 5374
    outs:
    - path: data/processed/uni_3m.csv
      hash: md5
      md5: 356714386a9f00a53f1f09511c653c2e
      size: 633739
    - path: data/processed/uni_6m.csv
      hash: md5
      md5: 2d306fa755863c4c004777612529e29b
      size: 631825
    - path: data/processed/uni_9m.csv
      hash: md5
      md5: d8ac4a72beafacbc2c8c9583c2c53911
      size: 663435
  intermediate_to_processed_multi:
    cmd: uv run python3 src/data_pipelines/multi_intermediate_to_processed.py
    deps:
    - path:
        data/intermediate/automobile_industry/intermediate_automobile_industry.csv
      hash: md5
      md5: 4be9e7f02b074f60f8d65a6eb946f8bd
      size: 8645
    - path:
        data/intermediate/electricity_price/intermediate_european_wholesale_electricity_price.csv
      hash: md5
      md5: f63adaaa87b8041fab70969b730908ab
      size: 8516
    - path: data/intermediate/pc_price/intermediate_pc_price_asia.csv
      hash: md5
      md5: 49f6461ddce15011768bdf9862181bf1
      size: 26305
    - path: data/intermediate/pc_price/intermediate_pc_price_eu.csv
      hash: md5
      md5: 786d8e093ddc2125373c2d13e600dea4
      size: 27852
    - path:
        data/intermediate/phenol_acetone_capacity_loss/intermediate_bpa_capacity_loss.csv
      hash: md5
      md5: b5e3d80dc4785cf0872788e670ed71f5
      size: 1766
    - path: data/intermediate/shutdown/intermediate_shutdown_capacity_loss.csv
      hash: md5
      md5: 0fc38f202d6f9f4abd18d716355cbf78
      size: 5220
    - path: src/data_pipelines/multi_intermediate_to_processed.py
      hash: md5
      md5: 529f58c0240e06ab7abbc71b85c5421b
      size: 5611
    outs:
    - path: data/processed/multi_3m.csv
      hash: md5
      md5: 6f761717c19ca0c3176eb0c28920d0ca
      size: 638607
    - path: data/processed/multi_6m.csv
      hash: md5
      md5: e80df8305c2a1ae293ef40e99a0c1105
      size: 636684
    - path: data/processed/multi_9m.csv
      hash: md5
      md5: 680c27b8f7f93c7c4b49df587aef3d49
      size: 662320
